
Microsoft Visual Studio Solution File, Format Version 10.00
# Visual Studio 2008
Project("{FAE04EC0-301F-11D3-BF4B-00C04F79EFBC}") = "TraceChromiumFiles", "TraceChromiumFiles\TraceChromiumFiles.csproj", "{DC92E193-5759-43EB-8A78-3E361333AD07}"
EndProject
Global
	GlobalSection(SolutionConfigurationPlatforms) = preSolution
		Debug|Any CPU = Debug|Any CPU
		Release|Any CPU = Release|Any CPU
	EndGlobalSection
	GlobalSection(ProjectConfigurationPlatforms) = postSolution
		{DC92E193-5759-43EB-8A78-3E361333AD07}.Debug|Any CPU.ActiveCfg = Debug|Any CPU
		{DC92E193-5759-43EB-8A78-3E361333AD07}.Debug|Any CPU.Build.0 = Debug|Any CPU
		{DC92E193-5759-43EB-8A78-3E361333AD07}.Release|Any CPU.ActiveCfg = Release|Any CPU
		{DC92E193-5759-43EB-8A78-3E361333AD07}.Release|Any CPU.Build.0 = Release|Any CPU
	EndGlobalSection
	GlobalSection(SolutionProperties) = preSolution
		HideSolutionNode = FALSE
	EndGlobalSection
EndGlobal
